// !$*UTF8*$!
{
	archiveVersion = 1;
	classes = {
	};
	objectVersion = 46;
	objects = {

/* Begin PBXBuildFile section */
		3C1936D21EBD2AED006D610E /* README.md in Sources */ = {isa = PBXBuildFile; fileRef = 3C1936CF1EBD2AED006D610E /* README.md */; };
		OBJ_37 /* Dimension.swift in Sources */ = {isa = PBXBuildFile; fileRef = OBJ_24 /* Dimension.swift */; };
		OBJ_38 /* Quantity.swift in Sources */ = {isa = PBXBuildFile; fileRef = OBJ_25 /* Quantity.swift */; };
		OBJ_39 /* System.swift in Sources */ = {isa = PBXBuildFile; fileRef = OBJ_26 /* System.swift */; };
		OBJ_40 /* Unit.swift in Sources */ = {isa = PBXBuildFile; fileRef = OBJ_27 /* Unit.swift */; };
		OBJ_47 /* Direction.swift in Sources */ = {isa = PBXBuildFile; fileRef = OBJ_8 /* Direction.swift */; };
		OBJ_48 /* Frame.swift in Sources */ = {isa = PBXBuildFile; fileRef = OBJ_9 /* Frame.swift */; };
		OBJ_49 /* Orientation.swift in Sources */ = {isa = PBXBuildFile; fileRef = OBJ_10 /* Orientation.swift */; };
		OBJ_50 /* Position.swift in Sources */ = {isa = PBXBuildFile; fileRef = OBJ_11 /* Position.swift */; };
		OBJ_51 /* Quaternion.swift in Sources */ = {isa = PBXBuildFile; fileRef = OBJ_12 /* Quaternion.swift */; };
		OBJ_52 /* Vector.swift in Sources */ = {isa = PBXBuildFile; fileRef = OBJ_13 /* Vector.swift */; };
		OBJ_54 /* SBUnits.framework in Frameworks */ = {isa = PBXBuildFile; fileRef = OBJ_29 /* SBUnits.framework */; };
		OBJ_61 /* DirectionTest.swift in Sources */ = {isa = PBXBuildFile; fileRef = OBJ_16 /* DirectionTest.swift */; };
		OBJ_62 /* FrameTest.swift in Sources */ = {isa = PBXBuildFile; fileRef = OBJ_17 /* FrameTest.swift */; };
		OBJ_63 /* OrientationTest.swift in Sources */ = {isa = PBXBuildFile; fileRef = OBJ_18 /* OrientationTest.swift */; };
		OBJ_64 /* PositionTest.swift in Sources */ = {isa = PBXBuildFile; fileRef = OBJ_19 /* PositionTest.swift */; };
		OBJ_65 /* QuaternionDualTest.swift in Sources */ = {isa = PBXBuildFile; fileRef = OBJ_20 /* QuaternionDualTest.swift */; };
		OBJ_66 /* QuaternionTest.swift in Sources */ = {isa = PBXBuildFile; fileRef = OBJ_21 /* QuaternionTest.swift */; };
		OBJ_68 /* SBUnits.framework in Frameworks */ = {isa = PBXBuildFile; fileRef = OBJ_29 /* SBUnits.framework */; };
		OBJ_69 /* SBFrames.framework in Frameworks */ = {isa = PBXBuildFile; fileRef = OBJ_30 /* SBFrames.framework */; };
/* End PBXBuildFile section */

/* Begin PBXContainerItemProxy section */
		3C1936C91EBD2AC8006D610E /* PBXContainerItemProxy */ = {
			isa = PBXContainerItemProxy;
			containerPortal = OBJ_1 /* Project object */;
			proxyType = 1;
			remoteGlobalIDString = OBJ_32;
			remoteInfo = SBUnits;
		};
		3C1936CA1EBD2AC8006D610E /* PBXContainerItemProxy */ = {
			isa = PBXContainerItemProxy;
			containerPortal = OBJ_1 /* Project object */;
			proxyType = 1;
			remoteGlobalIDString = OBJ_32;
			remoteInfo = SBUnits;
		};
		3C1936CB1EBD2AC8006D610E /* PBXContainerItemProxy */ = {
			isa = PBXContainerItemProxy;
			containerPortal = OBJ_1 /* Project object */;
			proxyType = 1;
			remoteGlobalIDString = OBJ_42;
			remoteInfo = SBFrames;
		};
/* End PBXContainerItemProxy section */

/* Begin PBXFileReference section */
		3C1936CD1EBD2AED006D610E /* LICENSE */ = {isa = PBXFileReference; fileEncoding = 4; lastKnownFileType = text; path = LICENSE; sourceTree = "<group>"; };
		3C1936CE1EBD2AED006D610E /* NOTICE */ = {isa = PBXFileReference; fileEncoding = 4; lastKnownFileType = text; path = NOTICE; sourceTree = "<group>"; };
		3C1936CF1EBD2AED006D610E /* README.md */ = {isa = PBXFileReference; fileEncoding = 4; lastKnownFileType = net.daringfireball.markdown; path = README.md; sourceTree = "<group>"; };
		3C1936D01EBD2AED006D610E /* SBFrames.playground */ = {isa = PBXFileReference; lastKnownFileType = file.playground; path = SBFrames.playground; sourceTree = "<group>"; };
		3C1936D11EBD2AED006D610E /* SBFrames.podspec */ = {isa = PBXFileReference; fileEncoding = 4; lastKnownFileType = text; path = SBFrames.podspec; sourceTree = "<group>"; };
		OBJ_10 /* Orientation.swift */ = {isa = PBXFileReference; lastKnownFileType = sourcecode.swift; path = Orientation.swift; sourceTree = "<group>"; };
		OBJ_11 /* Position.swift */ = {isa = PBXFileReference; lastKnownFileType = sourcecode.swift; path = Position.swift; sourceTree = "<group>"; };
		OBJ_12 /* Quaternion.swift */ = {isa = PBXFileReference; lastKnownFileType = sourcecode.swift; path = Quaternion.swift; sourceTree = "<group>"; };
		OBJ_13 /* Vector.swift */ = {isa = PBXFileReference; lastKnownFileType = sourcecode.swift; path = Vector.swift; sourceTree = "<group>"; };
		OBJ_16 /* DirectionTest.swift */ = {isa = PBXFileReference; lastKnownFileType = sourcecode.swift; path = DirectionTest.swift; sourceTree = "<group>"; };
		OBJ_17 /* FrameTest.swift */ = {isa = PBXFileReference; lastKnownFileType = sourcecode.swift; path = FrameTest.swift; sourceTree = "<group>"; };
		OBJ_18 /* OrientationTest.swift */ = {isa = PBXFileReference; lastKnownFileType = sourcecode.swift; path = OrientationTest.swift; sourceTree = "<group>"; };
		OBJ_19 /* PositionTest.swift */ = {isa = PBXFileReference; lastKnownFileType = sourcecode.swift; path = PositionTest.swift; sourceTree = "<group>"; };
		OBJ_20 /* QuaternionDualTest.swift */ = {isa = PBXFileReference; lastKnownFileType = sourcecode.swift; path = QuaternionDualTest.swift; sourceTree = "<group>"; };
		OBJ_21 /* QuaternionTest.swift */ = {isa = PBXFileReference; lastKnownFileType = sourcecode.swift; path = QuaternionTest.swift; sourceTree = "<group>"; };
		OBJ_24 /* Dimension.swift */ = {isa = PBXFileReference; lastKnownFileType = sourcecode.swift; path = Dimension.swift; sourceTree = "<group>"; };
		OBJ_25 /* Quantity.swift */ = {isa = PBXFileReference; lastKnownFileType = sourcecode.swift; path = Quantity.swift; sourceTree = "<group>"; };
		OBJ_26 /* System.swift */ = {isa = PBXFileReference; lastKnownFileType = sourcecode.swift; path = System.swift; sourceTree = "<group>"; };
		OBJ_27 /* Unit.swift */ = {isa = PBXFileReference; lastKnownFileType = sourcecode.swift; path = Unit.swift; sourceTree = "<group>"; };
		OBJ_29 /* SBUnits.framework */ = {isa = PBXFileReference; explicitFileType = wrapper.framework; path = SBUnits.framework; sourceTree = BUILT_PRODUCTS_DIR; };
		OBJ_30 /* SBFrames.framework */ = {isa = PBXFileReference; explicitFileType = wrapper.framework; path = SBFrames.framework; sourceTree = BUILT_PRODUCTS_DIR; };
		OBJ_31 /* SBFramesTests.xctest */ = {isa = PBXFileReference; lastKnownFileType = file; path = SBFramesTests.xctest; sourceTree = BUILT_PRODUCTS_DIR; };
		OBJ_6 /* Package.swift */ = {isa = PBXFileReference; explicitFileType = sourcecode.swift; path = Package.swift; sourceTree = "<group>"; };
		OBJ_8 /* Direction.swift */ = {isa = PBXFileReference; lastKnownFileType = sourcecode.swift; path = Direction.swift; sourceTree = "<group>"; };
		OBJ_9 /* Frame.swift */ = {isa = PBXFileReference; lastKnownFileType = sourcecode.swift; path = Frame.swift; sourceTree = "<group>"; };
/* End PBXFileReference section */

/* Begin PBXFrameworksBuildPhase section */
		OBJ_41 /* Frameworks */ = {
			isa = PBXFrameworksBuildPhase;
			buildActionMask = 0;
			files = (
			);
			runOnlyForDeploymentPostprocessing = 0;
		};
		OBJ_53 /* Frameworks */ = {
			isa = PBXFrameworksBuildPhase;
			buildActionMask = 0;
			files = (
				OBJ_54 /* SBUnits.framework in Frameworks */,
			);
			runOnlyForDeploymentPostprocessing = 0;
		};
		OBJ_67 /* Frameworks */ = {
			isa = PBXFrameworksBuildPhase;
			buildActionMask = 0;
			files = (
				OBJ_68 /* SBUnits.framework in Frameworks */,
				OBJ_69 /* SBFrames.framework in Frameworks */,
			);
			runOnlyForDeploymentPostprocessing = 0;
		};
/* End PBXFrameworksBuildPhase section */

/* Begin PBXGroup section */
		3C1936CC1EBD2ACE006D610E /* Share */ = {
			isa = PBXGroup;
			children = (
				3C1936CD1EBD2AED006D610E /* LICENSE */,
				3C1936CE1EBD2AED006D610E /* NOTICE */,
				3C1936CF1EBD2AED006D610E /* README.md */,
				3C1936D11EBD2AED006D610E /* SBFrames.podspec */,
			);
			name = Share;
			sourceTree = "<group>";
		};
		OBJ_14 /* Tests */ = {
			isa = PBXGroup;
			children = (
				OBJ_15 /* SBFramesTests */,
			);
			name = Tests;
			sourceTree = SOURCE_ROOT;
		};
		OBJ_15 /* SBFramesTests */ = {
			isa = PBXGroup;
			children = (
				OBJ_16 /* DirectionTest.swift */,
				OBJ_17 /* FrameTest.swift */,
				OBJ_18 /* OrientationTest.swift */,
				OBJ_19 /* PositionTest.swift */,
				OBJ_20 /* QuaternionDualTest.swift */,
				OBJ_21 /* QuaternionTest.swift */,
			);
			name = SBFramesTests;
			path = Tests/SBFramesTests;
			sourceTree = SOURCE_ROOT;
		};
		OBJ_22 /* Dependencies */ = {
			isa = PBXGroup;
			children = (
				OBJ_23 /* SBUnits 0.3.0 */,
			);
			name = Dependencies;
			sourceTree = "<group>";
		};
		OBJ_23 /* SBUnits 0.3.0 */ = {
			isa = PBXGroup;
			children = (
				OBJ_24 /* Dimension.swift */,
				OBJ_25 /* Quantity.swift */,
				OBJ_26 /* System.swift */,
				OBJ_27 /* Unit.swift */,
			);
			name = "SBUnits 0.3.0";
			path = ".build/checkouts/SBUnits.git--7630375069488125831/Sources";
			sourceTree = SOURCE_ROOT;
		};
		OBJ_28 /* Products */ = {
			isa = PBXGroup;
			children = (
				OBJ_29 /* SBUnits.framework */,
				OBJ_30 /* SBFrames.framework */,
				OBJ_31 /* SBFramesTests.xctest */,
			);
			name = Products;
			sourceTree = BUILT_PRODUCTS_DIR;
		};
		OBJ_5 /*  */ = {
			isa = PBXGroup;
			children = (
				OBJ_6 /* Package.swift */,
				3C1936D01EBD2AED006D610E /* SBFrames.playground */,
				OBJ_7 /* Sources */,
				OBJ_14 /* Tests */,
				3C1936CC1EBD2ACE006D610E /* Share */,
				OBJ_22 /* Dependencies */,
				OBJ_28 /* Products */,
			);
			name = "";
			sourceTree = "<group>";
		};
		OBJ_7 /* Sources */ = {
			isa = PBXGroup;
			children = (
				OBJ_8 /* Direction.swift */,
				OBJ_9 /* Frame.swift */,
				OBJ_10 /* Orientation.swift */,
				OBJ_11 /* Position.swift */,
				OBJ_12 /* Quaternion.swift */,
				OBJ_13 /* Vector.swift */,
			);
			path = Sources;
			sourceTree = SOURCE_ROOT;
		};
/* End PBXGroup section */

/* Begin PBXNativeTarget section */
		OBJ_32 /* SBUnits */ = {
			isa = PBXNativeTarget;
			buildConfigurationList = OBJ_33 /* Build configuration list for PBXNativeTarget "SBUnits" */;
			buildPhases = (
				OBJ_36 /* Sources */,
				OBJ_41 /* Frameworks */,
			);
			buildRules = (
			);
			dependencies = (
			);
			name = SBUnits;
			productName = SBUnits;
			productReference = OBJ_29 /* SBUnits.framework */;
			productType = "com.apple.product-type.framework";
		};
		OBJ_42 /* SBFrames */ = {
			isa = PBXNativeTarget;
			buildConfigurationList = OBJ_43 /* Build configuration list for PBXNativeTarget "SBFrames" */;
			buildPhases = (
				OBJ_46 /* Sources */,
				OBJ_53 /* Frameworks */,
			);
			buildRules = (
			);
			dependencies = (
				OBJ_55 /* PBXTargetDependency */,
			);
			name = SBFrames;
			productName = SBFrames;
			productReference = OBJ_30 /* SBFrames.framework */;
			productType = "com.apple.product-type.framework";
		};
		OBJ_56 /* SBFramesTests */ = {
			isa = PBXNativeTarget;
			buildConfigurationList = OBJ_57 /* Build configuration list for PBXNativeTarget "SBFramesTests" */;
			buildPhases = (
				OBJ_60 /* Sources */,
				OBJ_67 /* Frameworks */,
			);
			buildRules = (
			);
			dependencies = (
				OBJ_70 /* PBXTargetDependency */,
				OBJ_71 /* PBXTargetDependency */,
			);
			name = SBFramesTests;
			productName = SBFramesTests;
			productReference = OBJ_31 /* SBFramesTests.xctest */;
			productType = "com.apple.product-type.bundle.unit-test";
		};
/* End PBXNativeTarget section */

/* Begin PBXProject section */
		OBJ_1 /* Project object */ = {
			isa = PBXProject;
			attributes = {
				LastUpgradeCheck = 9999;
			};
			buildConfigurationList = OBJ_2 /* Build configuration list for PBXProject "SBFrames" */;
			compatibilityVersion = "Xcode 3.2";
			developmentRegion = English;
			hasScannedForEncodings = 0;
			knownRegions = (
				en,
			);
			mainGroup = OBJ_5 /*  */;
			productRefGroup = OBJ_28 /* Products */;
			projectDirPath = "";
			projectRoot = "";
			targets = (
				OBJ_32 /* SBUnits */,
				OBJ_42 /* SBFrames */,
				OBJ_56 /* SBFramesTests */,
			);
		};
/* End PBXProject section */

/* Begin PBXSourcesBuildPhase section */
		OBJ_36 /* Sources */ = {
			isa = PBXSourcesBuildPhase;
			buildActionMask = 0;
			files = (
				OBJ_37 /* Dimension.swift in Sources */,
				OBJ_38 /* Quantity.swift in Sources */,
				3C1936D21EBD2AED006D610E /* README.md in Sources */,
				OBJ_39 /* System.swift in Sources */,
				OBJ_40 /* Unit.swift in Sources */,
			);
			runOnlyForDeploymentPostprocessing = 0;
		};
		OBJ_46 /* Sources */ = {
			isa = PBXSourcesBuildPhase;
			buildActionMask = 0;
			files = (
				OBJ_47 /* Direction.swift in Sources */,
				OBJ_48 /* Frame.swift in Sources */,
				OBJ_49 /* Orientation.swift in Sources */,
				OBJ_50 /* Position.swift in Sources */,
				OBJ_51 /* Quaternion.swift in Sources */,
				OBJ_52 /* Vector.swift in Sources */,
			);
			runOnlyForDeploymentPostprocessing = 0;
		};
		OBJ_60 /* Sources */ = {
			isa = PBXSourcesBuildPhase;
			buildActionMask = 0;
			files = (
				OBJ_61 /* DirectionTest.swift in Sources */,
				OBJ_62 /* FrameTest.swift in Sources */,
				OBJ_63 /* OrientationTest.swift in Sources */,
				OBJ_64 /* PositionTest.swift in Sources */,
				OBJ_65 /* QuaternionDualTest.swift in Sources */,
				OBJ_66 /* QuaternionTest.swift in Sources */,
			);
			runOnlyForDeploymentPostprocessing = 0;
		};
/* End PBXSourcesBuildPhase section */

/* Begin PBXTargetDependency section */
		OBJ_55 /* PBXTargetDependency */ = {
			isa = PBXTargetDependency;
			target = OBJ_32 /* SBUnits */;
			targetProxy = 3C1936C91EBD2AC8006D610E /* PBXContainerItemProxy */;
		};
		OBJ_70 /* PBXTargetDependency */ = {
			isa = PBXTargetDependency;
			target = OBJ_32 /* SBUnits */;
			targetProxy = 3C1936CA1EBD2AC8006D610E /* PBXContainerItemProxy */;
		};
		OBJ_71 /* PBXTargetDependency */ = {
			isa = PBXTargetDependency;
			target = OBJ_42 /* SBFrames */;
			targetProxy = 3C1936CB1EBD2AC8006D610E /* PBXContainerItemProxy */;
		};
/* End PBXTargetDependency section */

/* Begin XCBuildConfiguration section */
		OBJ_3 /* Debug */ = {
			isa = XCBuildConfiguration;
			buildSettings = {
				CLANG_ENABLE_OBJC_ARC = YES;
				COMBINE_HIDPI_IMAGES = YES;
				COPY_PHASE_STRIP = NO;
				DEBUG_INFORMATION_FORMAT = dwarf;
				DYLIB_INSTALL_NAME_BASE = "@rpath";
				ENABLE_NS_ASSERTIONS = YES;
				GCC_OPTIMIZATION_LEVEL = 0;
				MACOSX_DEPLOYMENT_TARGET = 10.10;
				ONLY_ACTIVE_ARCH = YES;
				OTHER_SWIFT_FLAGS = "-DXcode";
				PRODUCT_NAME = "$(TARGET_NAME)";
				SDKROOT = macosx;
				SUPPORTED_PLATFORMS = "macosx iphoneos iphonesimulator appletvos appletvsimulator watchos watchsimulator";
				SWIFT_ACTIVE_COMPILATION_CONDITIONS = SWIFT_PACKAGE;
				SWIFT_OPTIMIZATION_LEVEL = "-Onone";
				SWIFT_VERSION = 3.0;
				USE_HEADERMAP = NO;
			};
			name = Debug;
		};
		OBJ_34 /* Debug */ = {
			isa = XCBuildConfiguration;
			buildSettings = {
				ENABLE_TESTABILITY = YES;
				FRAMEWORK_SEARCH_PATHS = (
					"$(inherited)",
					"$(PLATFORM_DIR)/Developer/Library/Frameworks",
				);
				HEADER_SEARCH_PATHS = "$(inherited)";
				INFOPLIST_FILE = SBFrames.xcodeproj/SBUnits_Info.plist;
				LD_RUNPATH_SEARCH_PATHS = "$(TOOLCHAIN_DIR)/usr/lib/swift/macosx";
				OTHER_LDFLAGS = "$(inherited)";
				OTHER_SWIFT_FLAGS = "$(inherited)";
				PRODUCT_BUNDLE_IDENTIFIER = SBUnits;
				PRODUCT_MODULE_NAME = "$(TARGET_NAME:c99extidentifier)";
				PRODUCT_NAME = "$(TARGET_NAME:c99extidentifier)";
				SKIP_INSTALL = YES;
				TARGET_NAME = SBUnits;
			};
			name = Debug;
		};
		OBJ_35 /* Release */ = {
			isa = XCBuildConfiguration;
			buildSettings = {
				ENABLE_TESTABILITY = YES;
				FRAMEWORK_SEARCH_PATHS = (
					"$(inherited)",
					"$(PLATFORM_DIR)/Developer/Library/Frameworks",
				);
				HEADER_SEARCH_PATHS = "$(inherited)";
				INFOPLIST_FILE = SBFrames.xcodeproj/SBUnits_Info.plist;
				LD_RUNPATH_SEARCH_PATHS = "$(TOOLCHAIN_DIR)/usr/lib/swift/macosx";
				OTHER_LDFLAGS = "$(inherited)";
				OTHER_SWIFT_FLAGS = "$(inherited)";
				PRODUCT_BUNDLE_IDENTIFIER = SBUnits;
				PRODUCT_MODULE_NAME = "$(TARGET_NAME:c99extidentifier)";
				PRODUCT_NAME = "$(TARGET_NAME:c99extidentifier)";
				SKIP_INSTALL = YES;
				TARGET_NAME = SBUnits;
			};
			name = Release;
		};
		OBJ_4 /* Release */ = {
			isa = XCBuildConfiguration;
			buildSettings = {
				CLANG_ENABLE_OBJC_ARC = YES;
				COMBINE_HIDPI_IMAGES = YES;
				COPY_PHASE_STRIP = YES;
				DEBUG_INFORMATION_FORMAT = "dwarf-with-dsym";
				DYLIB_INSTALL_NAME_BASE = "@rpath";
				GCC_OPTIMIZATION_LEVEL = s;
				MACOSX_DEPLOYMENT_TARGET = 10.10;
				OTHER_SWIFT_FLAGS = "-DXcode";
				PRODUCT_NAME = "$(TARGET_NAME)";
				SDKROOT = macosx;
				SUPPORTED_PLATFORMS = "macosx iphoneos iphonesimulator appletvos appletvsimulator watchos watchsimulator";
				SWIFT_ACTIVE_COMPILATION_CONDITIONS = SWIFT_PACKAGE;
				SWIFT_OPTIMIZATION_LEVEL = "-Owholemodule";
				SWIFT_VERSION = 3.0;
				USE_HEADERMAP = NO;
			};
			name = Release;
		};
		OBJ_44 /* Debug */ = {
			isa = XCBuildConfiguration;
			buildSettings = {
				ENABLE_TESTABILITY = YES;
				FRAMEWORK_SEARCH_PATHS = (
					"$(inherited)",
					"$(PLATFORM_DIR)/Developer/Library/Frameworks",
				);
				HEADER_SEARCH_PATHS = "$(inherited)";
				INFOPLIST_FILE = SBFrames.xcodeproj/SBFrames_Info.plist;
				LD_RUNPATH_SEARCH_PATHS = "$(TOOLCHAIN_DIR)/usr/lib/swift/macosx";
				OTHER_LDFLAGS = "$(inherited)";
				OTHER_SWIFT_FLAGS = "$(inherited)";
				PRODUCT_BUNDLE_IDENTIFIER = SBFrames;
				PRODUCT_MODULE_NAME = "$(TARGET_NAME:c99extidentifier)";
				PRODUCT_NAME = "$(TARGET_NAME:c99extidentifier)";
				SKIP_INSTALL = YES;
				TARGET_NAME = SBFrames;
			};
			name = Debug;
		};
		OBJ_45 /* Release */ = {
			isa = XCBuildConfiguration;
			buildSettings = {
				ENABLE_TESTABILITY = YES;
				FRAMEWORK_SEARCH_PATHS = (
					"$(inherited)",
					"$(PLATFORM_DIR)/Developer/Library/Frameworks",
				);
				HEADER_SEARCH_PATHS = "$(inherited)";
				INFOPLIST_FILE = SBFrames.xcodeproj/SBFrames_Info.plist;
				LD_RUNPATH_SEARCH_PATHS = "$(TOOLCHAIN_DIR)/usr/lib/swift/macosx";
				OTHER_LDFLAGS = "$(inherited)";
				OTHER_SWIFT_FLAGS = "$(inherited)";
				PRODUCT_BUNDLE_IDENTIFIER = SBFrames;
				PRODUCT_MODULE_NAME = "$(TARGET_NAME:c99extidentifier)";
				PRODUCT_NAME = "$(TARGET_NAME:c99extidentifier)";
				SKIP_INSTALL = YES;
				TARGET_NAME = SBFrames;
			};
			name = Release;
		};
		OBJ_58 /* Debug */ = {
			isa = XCBuildConfiguration;
			buildSettings = {
				EMBEDDED_CONTENT_CONTAINS_SWIFT = YES;
				FRAMEWORK_SEARCH_PATHS = (
					"$(inherited)",
					"$(PLATFORM_DIR)/Developer/Library/Frameworks",
				);
				HEADER_SEARCH_PATHS = "$(inherited)";
				INFOPLIST_FILE = SBFrames.xcodeproj/SBFramesTests_Info.plist;
				LD_RUNPATH_SEARCH_PATHS = "@loader_path/../Frameworks @loader_path/Frameworks";
				OTHER_LDFLAGS = "$(inherited)";
				OTHER_SWIFT_FLAGS = "$(inherited)";
				TARGET_NAME = SBFramesTests;
			};
			name = Debug;
		};
		OBJ_59 /* Release */ = {
			isa = XCBuildConfiguration;
			buildSettings = {
				EMBEDDED_CONTENT_CONTAINS_SWIFT = YES;
				FRAMEWORK_SEARCH_PATHS = (
					"$(inherited)",
					"$(PLATFORM_DIR)/Developer/Library/Frameworks",
				);
				HEADER_SEARCH_PATHS = "$(inherited)";
				INFOPLIST_FILE = SBFrames.xcodeproj/SBFramesTests_Info.plist;
				LD_RUNPATH_SEARCH_PATHS = "@loader_path/../Frameworks @loader_path/Frameworks";
				OTHER_LDFLAGS = "$(inherited)";
				OTHER_SWIFT_FLAGS = "$(inherited)";
				TARGET_NAME = SBFramesTests;
			};
			name = Release;
		};
/* End XCBuildConfiguration section */

/* Begin XCConfigurationList section */
		OBJ_2 /* Build configuration list for PBXProject "SBFrames" */ = {
			isa = XCConfigurationList;
			buildConfigurations = (
				OBJ_3 /* Debug */,
				OBJ_4 /* Release */,
			);
			defaultConfigurationIsVisible = 0;
			defaultConfigurationName = Debug;
		};
		OBJ_33 /* Build configuration list for PBXNativeTarget "SBUnits" */ = {
			isa = XCConfigurationList;
			buildConfigurations = (
				OBJ_34 /* Debug */,
				OBJ_35 /* Release */,
			);
			defaultConfigurationIsVisible = 0;
			defaultConfigurationName = Debug;
		};
		OBJ_43 /* Build configuration list for PBXNativeTarget "SBFrames" */ = {
			isa = XCConfigurationList;
			buildConfigurations = (
				OBJ_44 /* Debug */,
				OBJ_45 /* Release */,
			);
			defaultConfigurationIsVisible = 0;
			defaultConfigurationName = Debug;
		};
		OBJ_57 /* Build configuration list for PBXNativeTarget "SBFramesTests" */ = {
			isa = XCConfigurationList;
			buildConfigurations = (
				OBJ_58 /* Debug */,
				OBJ_59 /* Release */,
			);
			defaultConfigurationIsVisible = 0;
			defaultConfigurationName = Debug;
		};
/* End XCConfigurationList section */
	};
	rootObject = OBJ_1 /* Project object */;
}
